// !$*UTF8*$!
{
	archiveVersion = 1;
	classes = {
	};
	objectVersion = 55;
	objects = {

/* Begin PBXBuildFile section */
		08DD556D28AF376D007BF15E /* main.swift in Sources */ = {isa = PBXBuildFile; fileRef = 08DD556C28AF376D007BF15E /* main.swift */; };
		08DD557728AF3B14007BF15E /* Question1.swift in Sources */ = {isa = PBXBuildFile; fileRef = 08DD557628AF3B14007BF15E /* Question1.swift */; };
		08DD557928AF3B1D007BF15E /* Question2.swift in Sources */ = {isa = PBXBuildFile; fileRef = 08DD557828AF3B1D007BF15E /* Question2.swift */; };
		08DD557B28AF3B25007BF15E /* Question3.swift in Sources */ = {isa = PBXBuildFile; fileRef = 08DD557A28AF3B25007BF15E /* Question3.swift */; };
		08DD557D28AF3B2F007BF15E /* Question4.swift in Sources */ = {isa = PBXBuildFile; fileRef = 08DD557C28AF3B2F007BF15E /* Question4.swift */; };
		08DD557F28AF3B3D007BF15E /* Question5.swift in Sources */ = {isa = PBXBuildFile; fileRef = 08DD557E28AF3B3D007BF15E /* Question5.swift */; };
/* End PBXBuildFile section */

/* Begin PBXCopyFilesBuildPhase section */
		08DD556728AF376D007BF15E /* CopyFiles */ = {
			isa = PBXCopyFilesBuildPhase;
			buildActionMask = 2147483647;
			dstPath = /usr/share/man/man1/;
			dstSubfolderSpec = 0;
			files = (
			);
			runOnlyForDeploymentPostprocessing = 1;
		};
/* End PBXCopyFilesBuildPhase section */

/* Begin PBXFileReference section */
		08DD556928AF376D007BF15E /* WMAD-SWIFT */ = {isa = PBXFileReference; explicitFileType = "compiled.mach-o.executable"; includeInIndex = 0; path = "WMAD-SWIFT"; sourceTree = BUILT_PRODUCTS_DIR; };
		08DD556C28AF376D007BF15E /* main.swift */ = {isa = PBXFileReference; lastKnownFileType = sourcecode.swift; name = main.swift; path = ../main.swift; sourceTree = "<group>"; };
		08DD557628AF3B14007BF15E /* Question1.swift */ = {isa = PBXFileReference; lastKnownFileType = sourcecode.swift; path = Question1.swift; sourceTree = "<group>"; };
		08DD557828AF3B1D007BF15E /* Question2.swift */ = {isa = PBXFileReference; lastKnownFileType = sourcecode.swift; path = Question2.swift; sourceTree = "<group>"; };
		08DD557A28AF3B25007BF15E /* Question3.swift */ = {isa = PBXFileReference; lastKnownFileType = sourcecode.swift; path = Question3.swift; sourceTree = "<group>"; };
		08DD557C28AF3B2F007BF15E /* Question4.swift */ = {isa = PBXFileReference; lastKnownFileType = sourcecode.swift; path = Question4.swift; sourceTree = "<group>"; };
		08DD557E28AF3B3D007BF15E /* Question5.swift */ = {isa = PBXFileReference; lastKnownFileType = sourcecode.swift; path = Question5.swift; sourceTree = "<group>"; };
/* End PBXFileReference section */

/* Begin PBXFrameworksBuildPhase section */
		08DD556628AF376D007BF15E /* Frameworks */ = {
			isa = PBXFrameworksBuildPhase;
			buildActionMask = 2147483647;
			files = (
			);
			runOnlyForDeploymentPostprocessing = 0;
		};
/* End PBXFrameworksBuildPhase section */

/* Begin PBXGroup section */
		08DD556028AF376D007BF15E = {
			isa = PBXGroup;
			children = (
				08DD556B28AF376D007BF15E /* WMAD-SWIFT */,
				08DD556A28AF376D007BF15E /* Products */,
			);
			sourceTree = "<group>";
		};
		08DD556A28AF376D007BF15E /* Products */ = {
			isa = PBXGroup;
			children = (
				08DD556928AF376D007BF15E /* WMAD-SWIFT */,
			);
			name = Products;
			sourceTree = "<group>";
		};
		08DD556B28AF376D007BF15E /* WMAD-SWIFT */ = {
			isa = PBXGroup;
			children = (
				08DD558028AF3D30007BF15E /* Assignment2 */,
				08DD557328AF3AE4007BF15E /* Assignment1 */,
			);
			path = "WMAD-SWIFT";
			sourceTree = "<group>";
		};
		08DD557328AF3AE4007BF15E /* Assignment1 */ = {
			isa = PBXGroup;
			children = (
				08DD556C28AF376D007BF15E /* main.swift */,
				08DD557628AF3B14007BF15E /* Question1.swift */,
				08DD557828AF3B1D007BF15E /* Question2.swift */,
				08DD557A28AF3B25007BF15E /* Question3.swift */,
				08DD557C28AF3B2F007BF15E /* Question4.swift */,
				08DD557E28AF3B3D007BF15E /* Question5.swift */,
			);
			path = Assignment1;
			sourceTree = "<group>";
		};
		08DD558028AF3D30007BF15E /* Assignment2 */ = {
			isa = PBXGroup;
			children = (
			);
			path = Assignment2;
			sourceTree = "<group>";
		};
/* End PBXGroup section */

/* Begin PBXNativeTarget section */
		08DD556828AF376D007BF15E /* WMAD-SWIFT */ = {
			isa = PBXNativeTarget;
			buildConfigurationList = 08DD557028AF376D007BF15E /* Build configuration list for PBXNativeTarget "WMAD-SWIFT" */;
			buildPhases = (
				08DD556528AF376D007BF15E /* Sources */,
				08DD556628AF376D007BF15E /* Frameworks */,
				08DD556728AF376D007BF15E /* CopyFiles */,
			);
			buildRules = (
			);
			dependencies = (
			);
			name = "WMAD-SWIFT";
			productName = "WMAD-SWIFT";
			productReference = 08DD556928AF376D007BF15E /* WMAD-SWIFT */;
			productType = "com.apple.product-type.tool";
		};
/* End PBXNativeTarget section */

/* Begin PBXProject section */
		08DD556128AF376D007BF15E /* Project object */ = {
			isa = PBXProject;
			attributes = {
				BuildIndependentTargetsInParallel = 1;
				LastSwiftUpdateCheck = 1340;
				LastUpgradeCheck = 1340;
				TargetAttributes = {
					08DD556828AF376D007BF15E = {
						CreatedOnToolsVersion = 13.4.1;
					};
				};
			};
			buildConfigurationList = 08DD556428AF376D007BF15E /* Build configuration list for PBXProject "WMAD-SWIFT" */;
			compatibilityVersion = "Xcode 13.0";
			developmentRegion = en;
			hasScannedForEncodings = 0;
			knownRegions = (
				en,
				Base,
			);
			mainGroup = 08DD556028AF376D007BF15E;
			productRefGroup = 08DD556A28AF376D007BF15E /* Products */;
			projectDirPath = "";
			projectRoot = "";
			targets = (
				08DD556828AF376D007BF15E /* WMAD-SWIFT */,
			);
		};
/* End PBXProject section */

/* Begin PBXSourcesBuildPhase section */
		08DD556528AF376D007BF15E /* Sources */ = {
			isa = PBXSourcesBuildPhase;
			buildActionMask = 2147483647;
			files = (
				08DD557928AF3B1D007BF15E /* Question2.swift in Sources */,
				08DD557B28AF3B25007BF15E /* Question3.swift in Sources */,
				08DD557D28AF3B2F007BF15E /* Question4.swift in Sources */,
				08DD556D28AF376D007BF15E /* main.swift in Sources */,
				08DD557728AF3B14007BF15E /* Question1.swift in Sources */,
				08DD557F28AF3B3D007BF15E /* Question5.swift in Sources */,
			);
			runOnlyForDeploymentPostprocessing = 0;
		};
/* End PBXSourcesBuildPhase section */

/* Begin XCBuildConfiguration section */
		08DD556E28AF376D007BF15E /* Debug */ = {
			isa = XCBuildConfiguration;
			buildSettings = {
				ALWAYS_SEARCH_USER_PATHS = NO;
				CLANG_ANALYZER_NONNULL = YES;
				CLANG_ANALYZER_NUMBER_OBJECT_CONVERSION = YES_AGGRESSIVE;
				CLANG_CXX_LANGUAGE_STANDARD = "gnu++17";
				CLANG_ENABLE_MODULES = YES;
				CLANG_ENABLE_OBJC_ARC = YES;
				CLANG_ENABLE_OBJC_WEAK = YES;
				CLANG_WARN_BLOCK_CAPTURE_AUTORELEASING = YES;
				CLANG_WARN_BOOL_CONVERSION = YES;
				CLANG_WARN_COMMA = YES;
				CLANG_WARN_CONSTANT_CONVERSION = YES;
				CLANG_WARN_DEPRECATED_OBJC_IMPLEMENTATIONS = YES;
				CLANG_WARN_DIRECT_OBJC_ISA_USAGE = YES_ERROR;
				CLANG_WARN_DOCUMENTATION_COMMENTS = YES;
				CLANG_WARN_EMPTY_BODY = YES;
				CLANG_WARN_ENUM_CONVERSION = YES;
				CLANG_WARN_INFINITE_RECURSION = YES;
				CLANG_WARN_INT_CONVERSION = YES;
				CLANG_WARN_NON_LITERAL_NULL_CONVERSION = YES;
				CLANG_WARN_OBJC_IMPLICIT_RETAIN_SELF = YES;
				CLANG_WARN_OBJC_LITERAL_CONVERSION = YES;
				CLANG_WARN_OBJC_ROOT_CLASS = YES_ERROR;
				CLANG_WARN_QUOTED_INCLUDE_IN_FRAMEWORK_HEADER = YES;
				CLANG_WARN_RANGE_LOOP_ANALYSIS = YES;
				CLANG_WARN_STRICT_PROTOTYPES = YES;
				CLANG_WARN_SUSPICIOUS_MOVE = YES;
				CLANG_WARN_UNGUARDED_AVAILABILITY = YES_AGGRESSIVE;
				CLANG_WARN_UNREACHABLE_CODE = YES;
				CLANG_WARN__DUPLICATE_METHOD_MATCH = YES;
				COPY_PHASE_STRIP = NO;
				DEBUG_INFORMATION_FORMAT = dwarf;
				ENABLE_STRICT_OBJC_MSGSEND = YES;
				ENABLE_TESTABILITY = YES;
				GCC_C_LANGUAGE_STANDARD = gnu11;
				GCC_DYNAMIC_NO_PIC = NO;
				GCC_NO_COMMON_BLOCKS = YES;
				GCC_OPTIMIZATION_LEVEL = 0;
				GCC_PREPROCESSOR_DEFINITIONS = (
					"DEBUG=1",
					"$(inherited)",
				);
				GCC_WARN_64_TO_32_BIT_CONVERSION = YES;
				GCC_WARN_ABOUT_RETURN_TYPE = YES_ERROR;
				GCC_WARN_UNDECLARED_SELECTOR = YES;
				GCC_WARN_UNINITIALIZED_AUTOS = YES_AGGRESSIVE;
				GCC_WARN_UNUSED_FUNCTION = YES;
				GCC_WARN_UNUSED_VARIABLE = YES;
				MACOSX_DEPLOYMENT_TARGET = 12.3;
				MTL_ENABLE_DEBUG_INFO = INCLUDE_SOURCE;
				MTL_FAST_MATH = YES;
				ONLY_ACTIVE_ARCH = YES;
				SDKROOT = macosx;
				SWIFT_ACTIVE_COMPILATION_CONDITIONS = DEBUG;
				SWIFT_OPTIMIZATION_LEVEL = "-Onone";
			};
			name = Debug;
		};
		08DD556F28AF376D007BF15E /* Release */ = {
			isa = XCBuildConfiguration;
			buildSettings = {
				ALWAYS_SEARCH_USER_PATHS = NO;
				CLANG_ANALYZER_NONNULL = YES;
				CLANG_ANALYZER_NUMBER_OBJECT_CONVERSION = YES_AGGRESSIVE;
				CLANG_CXX_LANGUAGE_STANDARD = "gnu++17";
				CLANG_ENABLE_MODULES = YES;
				CLANG_ENABLE_OBJC_ARC = YES;
				CLANG_ENABLE_OBJC_WEAK = YES;
				CLANG_WARN_BLOCK_CAPTURE_AUTORELEASING = YES;
				CLANG_WARN_BOOL_CONVERSION = YES;
				CLANG_WARN_COMMA = YES;
				CLANG_WARN_CONSTANT_CONVERSION = YES;
				CLANG_WARN_DEPRECATED_OBJC_IMPLEMENTATIONS = YES;
				CLANG_WARN_DIRECT_OBJC_ISA_USAGE = YES_ERROR;
				CLANG_WARN_DOCUMENTATION_COMMENTS = YES;
				CLANG_WARN_EMPTY_BODY = YES;
				CLANG_WARN_ENUM_CONVERSION = YES;
				CLANG_WARN_INFINITE_RECURSION = YES;
				CLANG_WARN_INT_CONVERSION = YES;
				CLANG_WARN_NON_LITERAL_NULL_CONVERSION = YES;
				CLANG_WARN_OBJC_IMPLICIT_RETAIN_SELF = YES;
				CLANG_WARN_OBJC_LITERAL_CONVERSION = YES;
				CLANG_WARN_OBJC_ROOT_CLASS = YES_ERROR;
				CLANG_WARN_QUOTED_INCLUDE_IN_FRAMEWORK_HEADER = YES;
				CLANG_WARN_RANGE_LOOP_ANALYSIS = YES;
				CLANG_WARN_STRICT_PROTOTYPES = YES;
				CLANG_WARN_SUSPICIOUS_MOVE = YES;
				CLANG_WARN_UNGUARDED_AVAILABILITY = YES_AGGRESSIVE;
				CLANG_WARN_UNREACHABLE_CODE = YES;
				CLANG_WARN__DUPLICATE_METHOD_MATCH = YES;
				COPY_PHASE_STRIP = NO;
				DEBUG_INFORMATION_FORMAT = "dwarf-with-dsym";
				ENABLE_NS_ASSERTIONS = NO;
				ENABLE_STRICT_OBJC_MSGSEND = YES;
				GCC_C_LANGUAGE_STANDARD = gnu11;
				GCC_NO_COMMON_BLOCKS = YES;
				GCC_WARN_64_TO_32_BIT_CONVERSION = YES;
				GCC_WARN_ABOUT_RETURN_TYPE = YES_ERROR;
				GCC_WARN_UNDECLARED_SELECTOR = YES;
				GCC_WARN_UNINITIALIZED_AUTOS = YES_AGGRESSIVE;
				GCC_WARN_UNUSED_FUNCTION = YES;
				GCC_WARN_UNUSED_VARIABLE = YES;
				MACOSX_DEPLOYMENT_TARGET = 12.3;
				MTL_ENABLE_DEBUG_INFO = NO;
				MTL_FAST_MATH = YES;
				SDKROOT = macosx;
				SWIFT_COMPILATION_MODE = wholemodule;
				SWIFT_OPTIMIZATION_LEVEL = "-O";
			};
			name = Release;
		};
		08DD557128AF376D007BF15E /* Debug */ = {
			isa = XCBuildConfiguration;
			buildSettings = {
				CODE_SIGN_STYLE = Automatic;
				PRODUCT_NAME = "$(TARGET_NAME)";
				SWIFT_VERSION = 5.0;
			};
			name = Debug;
		};
		08DD557228AF376D007BF15E /* Release */ = {
			isa = XCBuildConfiguration;
			buildSettings = {
				CODE_SIGN_STYLE = Automatic;
				PRODUCT_NAME = "$(TARGET_NAME)";
				SWIFT_VERSION = 5.0;
			};
			name = Release;
		};
/* End XCBuildConfiguration section */

/* Begin XCConfigurationList section */
		08DD556428AF376D007BF15E /* Build configuration list for PBXProject "WMAD-SWIFT" */ = {
			isa = XCConfigurationList;
			buildConfigurations = (
				08DD556E28AF376D007BF15E /* Debug */,
				08DD556F28AF376D007BF15E /* Release */,
			);
			defaultConfigurationIsVisible = 0;
			defaultConfigurationName = Release;
		};
		08DD557028AF376D007BF15E /* Build configuration list for PBXNativeTarget "WMAD-SWIFT" */ = {
			isa = XCConfigurationList;
			buildConfigurations = (
				08DD557128AF376D007BF15E /* Debug */,
				08DD557228AF376D007BF15E /* Release */,
			);
			defaultConfigurationIsVisible = 0;
			defaultConfigurationName = Release;
		};
/* End XCConfigurationList section */
	};
	rootObject = 08DD556128AF376D007BF15E /* Project object */;
}
